PODS:
  - BSGridCollectionViewLayout (1.2.5)
  - BSImagePicker (2.10.3):
    - BSGridCollectionViewLayout (= 1.2.5)
    - BSImageView (= 1.0.3)
  - BSImageView (1.0.3)
  - city_pickers (0.0.1):
    - Flutter
  - device_info (0.0.1):
    - Flutter
  - Flutter (1.0.0)
  - flutter_common_plugin (0.0.1):
    - Flutter
  - flutter_image_compress (0.0.1):
    - Flutter
    - Mantle
  - fluttertoast (0.0.2):
    - Flutter
  - FMDB (2.7.5):
    - FMDB/standard (= 2.7.5)
  - FMDB/standard (2.7.5)
  - image_gallery_saver (1.5.0):
    - Flutter
  - loading_indicator_view (0.0.1):
    - Flutter
  - Mantle (2.1.6):
    - Mantle/extobjc (= 2.1.6)
  - Mantle/extobjc (2.1.6)
  - multi_image_picker (4.7.15):
    - BSImagePicker (~> 2.10.3)
    - Flutter
  - package_info (0.0.1):
    - Flutter
  - path_provider (0.0.1):
    - Flutter
  - permission_handler (4.3.0):
    - Flutter
  - shared_preferences (0.0.1):
    - Flutter
  - sqflite (0.0.2):
    - Flutter
    - FMDB (>= 2.7.5)
  - url_launcher (0.0.1):
    - Flutter
  - vibration (1.7.3):
    - Flutter
  - webview_flutter (0.0.1):
    - Flutter

DEPENDENCIES:
  - city_pickers (from `.symlinks/plugins/city_pickers/ios`)
  - device_info (from `.symlinks/plugins/device_info/ios`)
  - Flutter (from `Flutter`)
  - flutter_common_plugin (from `.symlinks/plugins/flutter_common_plugin/ios`)
  - flutter_image_compress (from `.symlinks/plugins/flutter_image_compress/ios`)
  - fluttertoast (from `.symlinks/plugins/fluttertoast/ios`)
  - image_gallery_saver (from `.symlinks/plugins/image_gallery_saver/ios`)
  - loading_indicator_view (from `.symlinks/plugins/loading_indicator_view/ios`)
  - multi_image_picker (from `.symlinks/plugins/multi_image_picker/ios`)
  - package_info (from `.symlinks/plugins/package_info/ios`)
  - path_provider (from `.symlinks/plugins/path_provider/ios`)
  - permission_handler (from `.symlinks/plugins/permission_handler/ios`)
  - shared_preferences (from `.symlinks/plugins/shared_preferences/ios`)
  - sqflite (from `.symlinks/plugins/sqflite/ios`)
  - url_launcher (from `.symlinks/plugins/url_launcher/ios`)
  - vibration (from `.symlinks/plugins/vibration/ios`)
  - webview_flutter (from `.symlinks/plugins/webview_flutter/ios`)

SPEC REPOS:
  trunk:
    - BSGridCollectionViewLayout
    - BSImagePicker
    - BSImageView
    - FMDB
    - Mantle

EXTERNAL SOURCES:
  city_pickers:
    :path: ".symlinks/plugins/city_pickers/ios"
  device_info:
    :path: ".symlinks/plugins/device_info/ios"
  Flutter:
    :path: Flutter
  flutter_common_plugin:
    :path: ".symlinks/plugins/flutter_common_plugin/ios"
  flutter_image_compress:
    :path: ".symlinks/plugins/flutter_image_compress/ios"
  fluttertoast:
    :path: ".symlinks/plugins/fluttertoast/ios"
  image_gallery_saver:
    :path: ".symlinks/plugins/image_gallery_saver/ios"
  loading_indicator_view:
    :path: ".symlinks/plugins/loading_indicator_view/ios"
  multi_image_picker:
    :path: ".symlinks/plugins/multi_image_picker/ios"
  package_info:
    :path: ".symlinks/plugins/package_info/ios"
  path_provider:
    :path: ".symlinks/plugins/path_provider/ios"
  permission_handler:
    :path: ".symlinks/plugins/permission_handler/ios"
  shared_preferences:
    :path: ".symlinks/plugins/shared_preferences/ios"
  sqflite:
    :path: ".symlinks/plugins/sqflite/ios"
  url_launcher:
    :path: ".symlinks/plugins/url_launcher/ios"
  vibration:
    :path: ".symlinks/plugins/vibration/ios"
  webview_flutter:
    :path: ".symlinks/plugins/webview_flutter/ios"

SPEC CHECKSUMS:
  BSGridCollectionViewLayout: 333dcb457a5a3bdd9212607ab5756553dcfe06cb
  BSImagePicker: 07404254f2fcdaf5a2eb403c0f8c337267ce8738
  BSImageView: a149459433a2687157d034c78e059d30ac7f2544
  city_pickers: b0370f4c35c201723b5b7fcce10ec29b59d5bc35
  device_info: d7d233b645a32c40dfdc212de5cf646ca482f175
  Flutter: 0e3d915762c693b495b44d77113d4970485de6ec
  flutter_common_plugin: 91e64b132a9018eff90f2aaf39cb169537d7ffb0
  flutter_image_compress: f69d0e0e078ce52b4810695593bc861ee319ae7d
  fluttertoast: b644586ef3b16f67fae9a1f8754cef6b2d6b634b
  FMDB: 2ce00b547f966261cd18927a3ddb07cb6f3db82a
  image_gallery_saver: 259eab68fb271cfd57d599904f7acdc7832e7ef2
  loading_indicator_view: fb6f8efecc1cd030dc3a42a39f9107eef908da86
  Mantle: 4c0ed6ce47c96eccc4dc3bb071deb3def0e2c3be
  multi_image_picker: 58577ab96d99b35c82d626db7d81906d14c2b667
  package_info: 873975fc26034f0b863a300ad47e7f1ac6c7ec62
  path_provider: abfe2b5c733d04e238b0d8691db0cfd63a27a93c
  permission_handler: 5c75cfde1229eb85f22d367c093900fac03c6c9e
  shared_preferences: af6bfa751691cdc24be3045c43ec037377ada40d
  sqflite: 6d358c025f5b867b29ed92fc697fd34924e11904
  url_launcher: 6fef411d543ceb26efce54b05a0a40bfd74cbbef
  vibration: b5a33e764c3f609a975b9dca73dce20fdde627dc
  webview_flutter: d2b4d6c66968ad042ad94cbb791f5b72b4678a96

PODFILE CHECKSUM: fb7f38bbc64fc1980c0dd1bf973253ba1c61382d

COCOAPODS: 1.10.1
